{
  "name": "clawdbot-mission-control",
  "version": "4.2.1",
  "lockfileVersion": 3,
  "requires": true,
  "packages": {
    "": {
      "name": "clawdbot-mission-control",
      "version": "4.2.1",
      "dependencies": {
        "cors": "file:vendor/cors",
        "express": "file:vendor/express"
      },
      "engines": {
        "node": ">=18.0.0"
      }
    },
    "node_modules/cors": {
      "resolved": "vendor/cors",
      "link": true
    },
    "node_modules/express": {
      "resolved": "vendor/express",
      "link": true
    },
    "vendor/cors": {
      "version": "0.0.0-local"
    },
    "vendor/express": {
      "version": "0.0.0-local"
    }
  }
}
